
Microsoft Visual Studio Solution File, Format Version 12.00
# Visual Studio 15
Project("{FAE04EC0-301F-11D3-BF4B-00C04F79EFBC}") = "UnityEngine.UI", "UnityEngine.UI.csproj", "{A0DD2346-41D1-8F9A-1402-863408360591}"
EndProject
Project("{FAE04EC0-301F-11D3-BF4B-00C04F79EFBC}") = "UnityEngine.TestRunner", "UnityEngine.TestRunner.csproj", "{42A53E2B-A36C-19F9-4B4E-07D306A58951}"
EndProject
Project("{FAE04EC0-301F-11D3-BF4B-00C04F79EFBC}") = "Unity.Timeline", "Unity.Timeline.csproj", "{84BC0CA6-E801-F0B5-4B34-81341F7EDCC2}"
EndProject
Project("{FAE04EC0-301F-11D3-BF4B-00C04F79EFBC}") = "Unity.TextMeshPro", "Unity.TextMeshPro.csproj", "{7A8870C6-F374-24EB-519D-F81333816272}"
EndProject
Project("{FAE04EC0-301F-11D3-BF4B-00C04F79EFBC}") = "Assembly-CSharp", "Assembly-CSharp.csproj", "{A3943E3B-B55B-9402-61E3-A81CFD74E1B1}"
EndProject
Project("{FAE04EC0-301F-11D3-BF4B-00C04F79EFBC}") = "Unity.Postprocessing.Runtime", "Unity.Postprocessing.Runtime.csproj", "{1E13AE10-7B86-8F1E-3786-C823CD8FFA4B}"
EndProject
Project("{FAE04EC0-301F-11D3-BF4B-00C04F79EFBC}") = "UnityEditor.TestRunner", "UnityEditor.TestRunner.csproj", "{003CDE83-2B4D-EDDA-29B1-0C8A98F2C4B2}"
EndProject
Project("{FAE04EC0-301F-11D3-BF4B-00C04F79EFBC}") = "Unity.PlasticSCM.Editor", "Unity.PlasticSCM.Editor.csproj", "{97DAAB0D-4628-50E5-A0C2-0F9F48771827}"
EndProject
Project("{FAE04EC0-301F-11D3-BF4B-00C04F79EFBC}") = "UnityEditor.UI", "UnityEditor.UI.csproj", "{31B76042-463B-257F-FB95-0DD60467E53F}"
EndProject
Project("{FAE04EC0-301F-11D3-BF4B-00C04F79EFBC}") = "Unity.Services.Core.Editor", "Unity.Services.Core.Editor.csproj", "{A47FE31A-0BBB-92FB-5247-CED6B4F2A4A7}"
EndProject
Project("{FAE04EC0-301F-11D3-BF4B-00C04F79EFBC}") = "Unity.Timeline.Editor", "Unity.Timeline.Editor.csproj", "{72FCE1B4-1201-AABA-BB86-96E099E603A2}"
EndProject
Project("{FAE04EC0-301F-11D3-BF4B-00C04F79EFBC}") = "Unity.VisualStudio.Editor", "Unity.VisualStudio.Editor.csproj", "{6E6FE663-EAED-6AA1-9DC7-D9A98C379CB6}"
EndProject
Project("{FAE04EC0-301F-11D3-BF4B-00C04F79EFBC}") = "Unity.TextMeshPro.Editor", "Unity.TextMeshPro.Editor.csproj", "{6B639916-D6F7-60D6-0C9B-AF46BB8A8357}"
EndProject
Project("{FAE04EC0-301F-11D3-BF4B-00C04F79EFBC}") = "Unity.CollabProxy.Editor", "Unity.CollabProxy.Editor.csproj", "{AEAE4612-CFEE-DF29-479E-3633992B0D42}"
EndProject
Project("{FAE04EC0-301F-11D3-BF4B-00C04F79EFBC}") = "Unity.Rider.Editor", "Unity.Rider.Editor.csproj", "{160B404E-1E46-E8C1-1C51-BD72692EB47D}"
EndProject
Project("{FAE04EC0-301F-11D3-BF4B-00C04F79EFBC}") = "Unity.VSCode.Editor", "Unity.VSCode.Editor.csproj", "{3F8CE0F3-B750-CCDB-3FC9-D792F8A7262C}"
EndProject
Project("{FAE04EC0-301F-11D3-BF4B-00C04F79EFBC}") = "Unity.Postprocessing.Editor", "Unity.Postprocessing.Editor.csproj", "{C8A3C658-68B6-07DD-A34A-F0EB77782A9C}"
EndProject
Project("{FAE04EC0-301F-11D3-BF4B-00C04F79EFBC}") = "UnityEngine.UI", "UnityEngine.UI.Player.csproj", "{95E99B46-75FF-C489-EC2E-59689F38D84C}"
EndProject
Project("{FAE04EC0-301F-11D3-BF4B-00C04F79EFBC}") = "UnityEngine.TestRunner", "UnityEngine.TestRunner.Player.csproj", "{4352A49F-E2AE-BB09-9358-2DED860530AE}"
EndProject
Project("{FAE04EC0-301F-11D3-BF4B-00C04F79EFBC}") = "Unity.Timeline", "Unity.Timeline.Player.csproj", "{8D6B044A-6DFB-570B-3061-53BE1296E991}"
EndProject
Project("{FAE04EC0-301F-11D3-BF4B-00C04F79EFBC}") = "Unity.TextMeshPro", "Unity.TextMeshPro.Player.csproj", "{378C1DA4-B35B-D755-C7A1-468F76BC0F4F}"
EndProject
Project("{FAE04EC0-301F-11D3-BF4B-00C04F79EFBC}") = "Assembly-CSharp", "Assembly-CSharp.Player.csproj", "{120C404D-24A7-FF51-B11A-B93AF03C03D1}"
EndProject
Project("{FAE04EC0-301F-11D3-BF4B-00C04F79EFBC}") = "Unity.Postprocessing.Runtime", "Unity.Postprocessing.Runtime.Player.csproj", "{748206EA-8E8C-D13E-7096-30F021CDD451}"
EndProject
Global
	GlobalSection(SolutionConfigurationPlatforms) = preSolution
		Debug|Any CPU = Debug|Any CPU
		Release|Any CPU = Release|Any CPU
	EndGlobalSection
	GlobalSection(ProjectConfigurationPlatforms) = postSolution
		{A0DD2346-41D1-8F9A-1402-863408360591}.Debug|Any CPU.ActiveCfg = Debug|Any CPU
		{A0DD2346-41D1-8F9A-1402-863408360591}.Debug|Any CPU.Build.0 = Debug|Any CPU
		{A0DD2346-41D1-8F9A-1402-863408360591}.Release|Any CPU.ActiveCfg = Release|Any CPU
		{A0DD2346-41D1-8F9A-1402-863408360591}.Release|Any CPU.Build.0 = Release|Any CPU
		{42A53E2B-A36C-19F9-4B4E-07D306A58951}.Debug|Any CPU.ActiveCfg = Debug|Any CPU
		{42A53E2B-A36C-19F9-4B4E-07D306A58951}.Debug|Any CPU.Build.0 = Debug|Any CPU
		{42A53E2B-A36C-19F9-4B4E-07D306A58951}.Release|Any CPU.ActiveCfg = Release|Any CPU
		{42A53E2B-A36C-19F9-4B4E-07D306A58951}.Release|Any CPU.Build.0 = Release|Any CPU
		{84BC0CA6-E801-F0B5-4B34-81341F7EDCC2}.Debug|Any CPU.ActiveCfg = Debug|Any CPU
		{84BC0CA6-E801-F0B5-4B34-81341F7EDCC2}.Debug|Any CPU.Build.0 = Debug|Any CPU
		{84BC0CA6-E801-F0B5-4B34-81341F7EDCC2}.Release|Any CPU.ActiveCfg = Release|Any CPU
		{84BC0CA6-E801-F0B5-4B34-81341F7EDCC2}.Release|Any CPU.Build.0 = Release|Any CPU
		{7A8870C6-F374-24EB-519D-F81333816272}.Debug|Any CPU.ActiveCfg = Debug|Any CPU
		{7A8870C6-F374-24EB-519D-F81333816272}.Debug|Any CPU.Build.0 = Debug|Any CPU
		{7A8870C6-F374-24EB-519D-F81333816272}.Release|Any CPU.ActiveCfg = Release|Any CPU
		{7A8870C6-F374-24EB-519D-F81333816272}.Release|Any CPU.Build.0 = Release|Any CPU
		{A3943E3B-B55B-9402-61E3-A81CFD74E1B1}.Debug|Any CPU.ActiveCfg = Debug|Any CPU
		{A3943E3B-B55B-9402-61E3-A81CFD74E1B1}.Debug|Any CPU.Build.0 = Debug|Any CPU
		{A3943E3B-B55B-9402-61E3-A81CFD74E1B1}.Release|Any CPU.ActiveCfg = Release|Any CPU
		{A3943E3B-B55B-9402-61E3-A81CFD74E1B1}.Release|Any CPU.Build.0 = Release|Any CPU
		{1E13AE10-7B86-8F1E-3786-C823CD8FFA4B}.Debug|Any CPU.ActiveCfg = Debug|Any CPU
		{1E13AE10-7B86-8F1E-3786-C823CD8FFA4B}.Debug|Any CPU.Build.0 = Debug|Any CPU
		{1E13AE10-7B86-8F1E-3786-C823CD8FFA4B}.Release|Any CPU.ActiveCfg = Release|Any CPU
		{1E13AE10-7B86-8F1E-3786-C823CD8FFA4B}.Release|Any CPU.Build.0 = Release|Any CPU
		{003CDE83-2B4D-EDDA-29B1-0C8A98F2C4B2}.Debug|Any CPU.ActiveCfg = Debug|Any CPU
		{003CDE83-2B4D-EDDA-29B1-0C8A98F2C4B2}.Debug|Any CPU.Build.0 = Debug|Any CPU
		{003CDE83-2B4D-EDDA-29B1-0C8A98F2C4B2}.Release|Any CPU.ActiveCfg = Release|Any CPU
		{003CDE83-2B4D-EDDA-29B1-0C8A98F2C4B2}.Release|Any CPU.Build.0 = Release|Any CPU
		{97DAAB0D-4628-50E5-A0C2-0F9F48771827}.Debug|Any CPU.ActiveCfg = Debug|Any CPU
		{97DAAB0D-4628-50E5-A0C2-0F9F48771827}.Debug|Any CPU.Build.0 = Debug|Any CPU
		{97DAAB0D-4628-50E5-A0C2-0F9F48771827}.Release|Any CPU.ActiveCfg = Release|Any CPU
		{97DAAB0D-4628-50E5-A0C2-0F9F48771827}.Release|Any CPU.Build.0 = Release|Any CPU
		{31B76042-463B-257F-FB95-0DD60467E53F}.Debug|Any CPU.ActiveCfg = Debug|Any CPU
		{31B76042-463B-257F-FB95-0DD60467E53F}.Debug|Any CPU.Build.0 = Debug|Any CPU
		{31B76042-463B-257F-FB95-0DD60467E53F}.Release|Any CPU.ActiveCfg = Release|Any CPU
		{31B76042-463B-257F-FB95-0DD60467E53F}.Release|Any CPU.Build.0 = Release|Any CPU
		{A47FE31A-0BBB-92FB-5247-CED6B4F2A4A7}.Debug|Any CPU.ActiveCfg = Debug|Any CPU
		{A47FE31A-0BBB-92FB-5247-CED6B4F2A4A7}.Debug|Any CPU.Build.0 = Debug|Any CPU
		{A47FE31A-0BBB-92FB-5247-CED6B4F2A4A7}.Release|Any CPU.ActiveCfg = Release|Any CPU
		{A47FE31A-0BBB-92FB-5247-CED6B4F2A4A7}.Release|Any CPU.Build.0 = Release|Any CPU
		{72FCE1B4-1201-AABA-BB86-96E099E603A2}.Debug|Any CPU.ActiveCfg = Debug|Any CPU
		{72FCE1B4-1201-AABA-BB86-96E099E603A2}.Debug|Any CPU.Build.0 = Debug|Any CPU
		{72FCE1B4-1201-AABA-BB86-96E099E603A2}.Release|Any CPU.ActiveCfg = Release|Any CPU
		{72FCE1B4-1201-AABA-BB86-96E099E603A2}.Release|Any CPU.Build.0 = Release|Any CPU
		{6E6FE663-EAED-6AA1-9DC7-D9A98C379CB6}.Debug|Any CPU.ActiveCfg = Debug|Any CPU
		{6E6FE663-EAED-6AA1-9DC7-D9A98C379CB6}.Debug|Any CPU.Build.0 = Debug|Any CPU
		{6E6FE663-EAED-6AA1-9DC7-D9A98C379CB6}.Release|Any CPU.ActiveCfg = Release|Any CPU
		{6E6FE663-EAED-6AA1-9DC7-D9A98C379CB6}.Release|Any CPU.Build.0 = Release|Any CPU
		{6B639916-D6F7-60D6-0C9B-AF46BB8A8357}.Debug|Any CPU.ActiveCfg = Debug|Any CPU
		{6B639916-D6F7-60D6-0C9B-AF46BB8A8357}.Debug|Any CPU.Build.0 = Debug|Any CPU
		{6B639916-D6F7-60D6-0C9B-AF46BB8A8357}.Release|Any CPU.ActiveCfg = Release|Any CPU
		{6B639916-D6F7-60D6-0C9B-AF46BB8A8357}.Release|Any CPU.Build.0 = Release|Any CPU
		{AEAE4612-CFEE-DF29-479E-3633992B0D42}.Debug|Any CPU.ActiveCfg = Debug|Any CPU
		{AEAE4612-CFEE-DF29-479E-3633992B0D42}.Debug|Any CPU.Build.0 = Debug|Any CPU
		{AEAE4612-CFEE-DF29-479E-3633992B0D42}.Release|Any CPU.ActiveCfg = Release|Any CPU
		{AEAE4612-CFEE-DF29-479E-3633992B0D42}.Release|Any CPU.Build.0 = Release|Any CPU
		{160B404E-1E46-E8C1-1C51-BD72692EB47D}.Debug|Any CPU.ActiveCfg = Debug|Any CPU
		{160B404E-1E46-E8C1-1C51-BD72692EB47D}.Debug|Any CPU.Build.0 = Debug|Any CPU
		{160B404E-1E46-E8C1-1C51-BD72692EB47D}.Release|Any CPU.ActiveCfg = Release|Any CPU
		{160B404E-1E46-E8C1-1C51-BD72692EB47D}.Release|Any CPU.Build.0 = Release|Any CPU
		{3F8CE0F3-B750-CCDB-3FC9-D792F8A7262C}.Debug|Any CPU.ActiveCfg = Debug|Any CPU
		{3F8CE0F3-B750-CCDB-3FC9-D792F8A7262C}.Debug|Any CPU.Build.0 = Debug|Any CPU
		{3F8CE0F3-B750-CCDB-3FC9-D792F8A7262C}.Release|Any CPU.ActiveCfg = Release|Any CPU
		{3F8CE0F3-B750-CCDB-3FC9-D792F8A7262C}.Release|Any CPU.Build.0 = Release|Any CPU
		{C8A3C658-68B6-07DD-A34A-F0EB77782A9C}.Debug|Any CPU.ActiveCfg = Debug|Any CPU
		{C8A3C658-68B6-07DD-A34A-F0EB77782A9C}.Debug|Any CPU.Build.0 = Debug|Any CPU
		{C8A3C658-68B6-07DD-A34A-F0EB77782A9C}.Release|Any CPU.ActiveCfg = Release|Any CPU
		{C8A3C658-68B6-07DD-A34A-F0EB77782A9C}.Release|Any CPU.Build.0 = Release|Any CPU
		{95E99B46-75FF-C489-EC2E-59689F38D84C}.Debug|Any CPU.ActiveCfg = Debug|Any CPU
		{95E99B46-75FF-C489-EC2E-59689F38D84C}.Debug|Any CPU.Build.0 = Debug|Any CPU
		{95E99B46-75FF-C489-EC2E-59689F38D84C}.Release|Any CPU.ActiveCfg = Release|Any CPU
		{95E99B46-75FF-C489-EC2E-59689F38D84C}.Release|Any CPU.Build.0 = Release|Any CPU
		{4352A49F-E2AE-BB09-9358-2DED860530AE}.Debug|Any CPU.ActiveCfg = Debug|Any CPU
		{4352A49F-E2AE-BB09-9358-2DED860530AE}.Debug|Any CPU.Build.0 = Debug|Any CPU
		{4352A49F-E2AE-BB09-9358-2DED860530AE}.Release|Any CPU.ActiveCfg = Release|Any CPU
		{4352A49F-E2AE-BB09-9358-2DED860530AE}.Release|Any CPU.Build.0 = Release|Any CPU
		{8D6B044A-6DFB-570B-3061-53BE1296E991}.Debug|Any CPU.ActiveCfg = Debug|Any CPU
		{8D6B044A-6DFB-570B-3061-53BE1296E991}.Debug|Any CPU.Build.0 = Debug|Any CPU
		{8D6B044A-6DFB-570B-3061-53BE1296E991}.Release|Any CPU.ActiveCfg = Release|Any CPU
		{8D6B044A-6DFB-570B-3061-53BE1296E991}.Release|Any CPU.Build.0 = Release|Any CPU
		{378C1DA4-B35B-D755-C7A1-468F76BC0F4F}.Debug|Any CPU.ActiveCfg = Debug|Any CPU
		{378C1DA4-B35B-D755-C7A1-468F76BC0F4F}.Debug|Any CPU.Build.0 = Debug|Any CPU
		{378C1DA4-B35B-D755-C7A1-468F76BC0F4F}.Release|Any CPU.ActiveCfg = Release|Any CPU
		{378C1DA4-B35B-D755-C7A1-468F76BC0F4F}.Release|Any CPU.Build.0 = Release|Any CPU
		{120C404D-24A7-FF51-B11A-B93AF03C03D1}.Debug|Any CPU.ActiveCfg = Debug|Any CPU
		{120C404D-24A7-FF51-B11A-B93AF03C03D1}.Debug|Any CPU.Build.0 = Debug|Any CPU
		{120C404D-24A7-FF51-B11A-B93AF03C03D1}.Release|Any CPU.ActiveCfg = Release|Any CPU
		{120C404D-24A7-FF51-B11A-B93AF03C03D1}.Release|Any CPU.Build.0 = Release|Any CPU
		{748206EA-8E8C-D13E-7096-30F021CDD451}.Debug|Any CPU.ActiveCfg = Debug|Any CPU
		{748206EA-8E8C-D13E-7096-30F021CDD451}.Debug|Any CPU.Build.0 = Debug|Any CPU
		{748206EA-8E8C-D13E-7096-30F021CDD451}.Release|Any CPU.ActiveCfg = Release|Any CPU
		{748206EA-8E8C-D13E-7096-30F021CDD451}.Release|Any CPU.Build.0 = Release|Any CPU
	EndGlobalSection
	GlobalSection(SolutionProperties) = preSolution
		HideSolutionNode = FALSE
	EndGlobalSection
EndGlobal
