
Microsoft Visual Studio Solution File, Format Version 12.00
# Visual Studio 15
Project("{FAE04EC0-301F-11D3-BF4B-00C04F79EFBC}") = "UnityEngine.TestRunner", "UnityEngine.TestRunner.csproj", "{14EB8A98-F99B-0ED3-C25A-DC2413F2A42F}"
EndProject
Project("{FAE04EC0-301F-11D3-BF4B-00C04F79EFBC}") = "Unity.Timeline", "Unity.Timeline.csproj", "{D94F2864-37CE-812D-99C2-5BD728783E8F}"
EndProject
Project("{FAE04EC0-301F-11D3-BF4B-00C04F79EFBC}") = "UnityEngine.UI", "UnityEngine.UI.csproj", "{7B438382-CF31-1907-A44D-6CAD28A4D415}"
EndProject
Project("{FAE04EC0-301F-11D3-BF4B-00C04F79EFBC}") = "Unity.TextMeshPro", "Unity.TextMeshPro.csproj", "{7AD7FCA1-AA3B-E309-78C0-8EC2B2A359B2}"
EndProject
Project("{FAE04EC0-301F-11D3-BF4B-00C04F79EFBC}") = "Assembly-CSharp", "Assembly-CSharp.csproj", "{6A9917A9-F2B5-52D7-CC09-052CC73FC304}"
EndProject
Project("{FAE04EC0-301F-11D3-BF4B-00C04F79EFBC}") = "UnityEditor.TestRunner", "UnityEditor.TestRunner.csproj", "{05B8CD07-33FE-22DE-FF77-6024768B3D00}"
EndProject
Project("{FAE04EC0-301F-11D3-BF4B-00C04F79EFBC}") = "Unity.PlasticSCM.Editor", "Unity.PlasticSCM.Editor.csproj", "{9F76DE70-EF35-CC0D-0ABC-07ED71195FE5}"
EndProject
Project("{FAE04EC0-301F-11D3-BF4B-00C04F79EFBC}") = "UnityEditor.UI", "UnityEditor.UI.csproj", "{5F6494B1-8C77-66F8-83E3-24A89C0E55E2}"
EndProject
Project("{FAE04EC0-301F-11D3-BF4B-00C04F79EFBC}") = "Unity.Services.Core.Editor", "Unity.Services.Core.Editor.csproj", "{AEFDEFB4-DACF-9320-8E50-2F0CB2152473}"
EndProject
Project("{FAE04EC0-301F-11D3-BF4B-00C04F79EFBC}") = "Unity.Timeline.Editor", "Unity.Timeline.Editor.csproj", "{37F2BB9B-F492-FCDE-5558-566329BA51AB}"
EndProject
Project("{FAE04EC0-301F-11D3-BF4B-00C04F79EFBC}") = "Unity.VisualStudio.Editor", "Unity.VisualStudio.Editor.csproj", "{D02CCC9F-D177-0579-CCCA-102B728B3B71}"
EndProject
Project("{FAE04EC0-301F-11D3-BF4B-00C04F79EFBC}") = "Unity.TextMeshPro.Editor", "Unity.TextMeshPro.Editor.csproj", "{615A7AD6-AD9C-C0AA-8DD6-797C5FF77D7F}"
EndProject
Project("{FAE04EC0-301F-11D3-BF4B-00C04F79EFBC}") = "Unity.CollabProxy.Editor", "Unity.CollabProxy.Editor.csproj", "{9F842EF6-F582-D748-7BAB-E87DC629A28A}"
EndProject
Project("{FAE04EC0-301F-11D3-BF4B-00C04F79EFBC}") = "Unity.Rider.Editor", "Unity.Rider.Editor.csproj", "{5E9C3813-AFBE-67D3-A7A8-7D2E3BB2BF4D}"
EndProject
Project("{FAE04EC0-301F-11D3-BF4B-00C04F79EFBC}") = "Unity.VSCode.Editor", "Unity.VSCode.Editor.csproj", "{9ADB043E-66BF-BCC8-B09D-EF6307AFD54A}"
EndProject
Project("{FAE04EC0-301F-11D3-BF4B-00C04F79EFBC}") = "UnityEngine.TestRunner", "UnityEngine.TestRunner.Player.csproj", "{7172E3DC-5FC0-4AE5-4633-38BFE10948EC}"
EndProject
Project("{FAE04EC0-301F-11D3-BF4B-00C04F79EFBC}") = "Unity.Timeline", "Unity.Timeline.Player.csproj", "{3633C51D-150F-0B8A-1657-EAB23824295A}"
EndProject
Project("{FAE04EC0-301F-11D3-BF4B-00C04F79EFBC}") = "UnityEngine.UI", "UnityEngine.UI.Player.csproj", "{B6249A54-7FC2-FEF0-377E-BFC4CE3D6D84}"
EndProject
Project("{FAE04EC0-301F-11D3-BF4B-00C04F79EFBC}") = "Unity.TextMeshPro", "Unity.TextMeshPro.Player.csproj", "{9F02A913-5FF0-69E1-F011-83E632A25C87}"
EndProject
Project("{FAE04EC0-301F-11D3-BF4B-00C04F79EFBC}") = "Assembly-CSharp", "Assembly-CSharp.Player.csproj", "{FC0521D5-08F9-2D2B-295A-42F46F3B6545}"
EndProject
Global
	GlobalSection(SolutionConfigurationPlatforms) = preSolution
		Debug|Any CPU = Debug|Any CPU
		Release|Any CPU = Release|Any CPU
	EndGlobalSection
	GlobalSection(ProjectConfigurationPlatforms) = postSolution
		{14EB8A98-F99B-0ED3-C25A-DC2413F2A42F}.Debug|Any CPU.ActiveCfg = Debug|Any CPU
		{14EB8A98-F99B-0ED3-C25A-DC2413F2A42F}.Debug|Any CPU.Build.0 = Debug|Any CPU
		{14EB8A98-F99B-0ED3-C25A-DC2413F2A42F}.Release|Any CPU.ActiveCfg = Release|Any CPU
		{14EB8A98-F99B-0ED3-C25A-DC2413F2A42F}.Release|Any CPU.Build.0 = Release|Any CPU
		{D94F2864-37CE-812D-99C2-5BD728783E8F}.Debug|Any CPU.ActiveCfg = Debug|Any CPU
		{D94F2864-37CE-812D-99C2-5BD728783E8F}.Debug|Any CPU.Build.0 = Debug|Any CPU
		{D94F2864-37CE-812D-99C2-5BD728783E8F}.Release|Any CPU.ActiveCfg = Release|Any CPU
		{D94F2864-37CE-812D-99C2-5BD728783E8F}.Release|Any CPU.Build.0 = Release|Any CPU
		{7B438382-CF31-1907-A44D-6CAD28A4D415}.Debug|Any CPU.ActiveCfg = Debug|Any CPU
		{7B438382-CF31-1907-A44D-6CAD28A4D415}.Debug|Any CPU.Build.0 = Debug|Any CPU
		{7B438382-CF31-1907-A44D-6CAD28A4D415}.Release|Any CPU.ActiveCfg = Release|Any CPU
		{7B438382-CF31-1907-A44D-6CAD28A4D415}.Release|Any CPU.Build.0 = Release|Any CPU
		{7AD7FCA1-AA3B-E309-78C0-8EC2B2A359B2}.Debug|Any CPU.ActiveCfg = Debug|Any CPU
		{7AD7FCA1-AA3B-E309-78C0-8EC2B2A359B2}.Debug|Any CPU.Build.0 = Debug|Any CPU
		{7AD7FCA1-AA3B-E309-78C0-8EC2B2A359B2}.Release|Any CPU.ActiveCfg = Release|Any CPU
		{7AD7FCA1-AA3B-E309-78C0-8EC2B2A359B2}.Release|Any CPU.Build.0 = Release|Any CPU
		{6A9917A9-F2B5-52D7-CC09-052CC73FC304}.Debug|Any CPU.ActiveCfg = Debug|Any CPU
		{6A9917A9-F2B5-52D7-CC09-052CC73FC304}.Debug|Any CPU.Build.0 = Debug|Any CPU
		{6A9917A9-F2B5-52D7-CC09-052CC73FC304}.Release|Any CPU.ActiveCfg = Release|Any CPU
		{6A9917A9-F2B5-52D7-CC09-052CC73FC304}.Release|Any CPU.Build.0 = Release|Any CPU
		{05B8CD07-33FE-22DE-FF77-6024768B3D00}.Debug|Any CPU.ActiveCfg = Debug|Any CPU
		{05B8CD07-33FE-22DE-FF77-6024768B3D00}.Debug|Any CPU.Build.0 = Debug|Any CPU
		{05B8CD07-33FE-22DE-FF77-6024768B3D00}.Release|Any CPU.ActiveCfg = Release|Any CPU
		{05B8CD07-33FE-22DE-FF77-6024768B3D00}.Release|Any CPU.Build.0 = Release|Any CPU
		{9F76DE70-EF35-CC0D-0ABC-07ED71195FE5}.Debug|Any CPU.ActiveCfg = Debug|Any CPU
		{9F76DE70-EF35-CC0D-0ABC-07ED71195FE5}.Debug|Any CPU.Build.0 = Debug|Any CPU
		{9F76DE70-EF35-CC0D-0ABC-07ED71195FE5}.Release|Any CPU.ActiveCfg = Release|Any CPU
		{9F76DE70-EF35-CC0D-0ABC-07ED71195FE5}.Release|Any CPU.Build.0 = Release|Any CPU
		{5F6494B1-8C77-66F8-83E3-24A89C0E55E2}.Debug|Any CPU.ActiveCfg = Debug|Any CPU
		{5F6494B1-8C77-66F8-83E3-24A89C0E55E2}.Debug|Any CPU.Build.0 = Debug|Any CPU
		{5F6494B1-8C77-66F8-83E3-24A89C0E55E2}.Release|Any CPU.ActiveCfg = Release|Any CPU
		{5F6494B1-8C77-66F8-83E3-24A89C0E55E2}.Release|Any CPU.Build.0 = Release|Any CPU
		{AEFDEFB4-DACF-9320-8E50-2F0CB2152473}.Debug|Any CPU.ActiveCfg = Debug|Any CPU
		{AEFDEFB4-DACF-9320-8E50-2F0CB2152473}.Debug|Any CPU.Build.0 = Debug|Any CPU
		{AEFDEFB4-DACF-9320-8E50-2F0CB2152473}.Release|Any CPU.ActiveCfg = Release|Any CPU
		{AEFDEFB4-DACF-9320-8E50-2F0CB2152473}.Release|Any CPU.Build.0 = Release|Any CPU
		{37F2BB9B-F492-FCDE-5558-566329BA51AB}.Debug|Any CPU.ActiveCfg = Debug|Any CPU
		{37F2BB9B-F492-FCDE-5558-566329BA51AB}.Debug|Any CPU.Build.0 = Debug|Any CPU
		{37F2BB9B-F492-FCDE-5558-566329BA51AB}.Release|Any CPU.ActiveCfg = Release|Any CPU
		{37F2BB9B-F492-FCDE-5558-566329BA51AB}.Release|Any CPU.Build.0 = Release|Any CPU
		{D02CCC9F-D177-0579-CCCA-102B728B3B71}.Debug|Any CPU.ActiveCfg = Debug|Any CPU
		{D02CCC9F-D177-0579-CCCA-102B728B3B71}.Debug|Any CPU.Build.0 = Debug|Any CPU
		{D02CCC9F-D177-0579-CCCA-102B728B3B71}.Release|Any CPU.ActiveCfg = Release|Any CPU
		{D02CCC9F-D177-0579-CCCA-102B728B3B71}.Release|Any CPU.Build.0 = Release|Any CPU
		{615A7AD6-AD9C-C0AA-8DD6-797C5FF77D7F}.Debug|Any CPU.ActiveCfg = Debug|Any CPU
		{615A7AD6-AD9C-C0AA-8DD6-797C5FF77D7F}.Debug|Any CPU.Build.0 = Debug|Any CPU
		{615A7AD6-AD9C-C0AA-8DD6-797C5FF77D7F}.Release|Any CPU.ActiveCfg = Release|Any CPU
		{615A7AD6-AD9C-C0AA-8DD6-797C5FF77D7F}.Release|Any CPU.Build.0 = Release|Any CPU
		{9F842EF6-F582-D748-7BAB-E87DC629A28A}.Debug|Any CPU.ActiveCfg = Debug|Any CPU
		{9F842EF6-F582-D748-7BAB-E87DC629A28A}.Debug|Any CPU.Build.0 = Debug|Any CPU
		{9F842EF6-F582-D748-7BAB-E87DC629A28A}.Release|Any CPU.ActiveCfg = Release|Any CPU
		{9F842EF6-F582-D748-7BAB-E87DC629A28A}.Release|Any CPU.Build.0 = Release|Any CPU
		{5E9C3813-AFBE-67D3-A7A8-7D2E3BB2BF4D}.Debug|Any CPU.ActiveCfg = Debug|Any CPU
		{5E9C3813-AFBE-67D3-A7A8-7D2E3BB2BF4D}.Debug|Any CPU.Build.0 = Debug|Any CPU
		{5E9C3813-AFBE-67D3-A7A8-7D2E3BB2BF4D}.Release|Any CPU.ActiveCfg = Release|Any CPU
		{5E9C3813-AFBE-67D3-A7A8-7D2E3BB2BF4D}.Release|Any CPU.Build.0 = Release|Any CPU
		{9ADB043E-66BF-BCC8-B09D-EF6307AFD54A}.Debug|Any CPU.ActiveCfg = Debug|Any CPU
		{9ADB043E-66BF-BCC8-B09D-EF6307AFD54A}.Debug|Any CPU.Build.0 = Debug|Any CPU
		{9ADB043E-66BF-BCC8-B09D-EF6307AFD54A}.Release|Any CPU.ActiveCfg = Release|Any CPU
		{9ADB043E-66BF-BCC8-B09D-EF6307AFD54A}.Release|Any CPU.Build.0 = Release|Any CPU
		{7172E3DC-5FC0-4AE5-4633-38BFE10948EC}.Debug|Any CPU.ActiveCfg = Debug|Any CPU
		{7172E3DC-5FC0-4AE5-4633-38BFE10948EC}.Debug|Any CPU.Build.0 = Debug|Any CPU
		{7172E3DC-5FC0-4AE5-4633-38BFE10948EC}.Release|Any CPU.ActiveCfg = Release|Any CPU
		{7172E3DC-5FC0-4AE5-4633-38BFE10948EC}.Release|Any CPU.Build.0 = Release|Any CPU
		{3633C51D-150F-0B8A-1657-EAB23824295A}.Debug|Any CPU.ActiveCfg = Debug|Any CPU
		{3633C51D-150F-0B8A-1657-EAB23824295A}.Debug|Any CPU.Build.0 = Debug|Any CPU
		{3633C51D-150F-0B8A-1657-EAB23824295A}.Release|Any CPU.ActiveCfg = Release|Any CPU
		{3633C51D-150F-0B8A-1657-EAB23824295A}.Release|Any CPU.Build.0 = Release|Any CPU
		{B6249A54-7FC2-FEF0-377E-BFC4CE3D6D84}.Debug|Any CPU.ActiveCfg = Debug|Any CPU
		{B6249A54-7FC2-FEF0-377E-BFC4CE3D6D84}.Debug|Any CPU.Build.0 = Debug|Any CPU
		{B6249A54-7FC2-FEF0-377E-BFC4CE3D6D84}.Release|Any CPU.ActiveCfg = Release|Any CPU
		{B6249A54-7FC2-FEF0-377E-BFC4CE3D6D84}.Release|Any CPU.Build.0 = Release|Any CPU
		{9F02A913-5FF0-69E1-F011-83E632A25C87}.Debug|Any CPU.ActiveCfg = Debug|Any CPU
		{9F02A913-5FF0-69E1-F011-83E632A25C87}.Debug|Any CPU.Build.0 = Debug|Any CPU
		{9F02A913-5FF0-69E1-F011-83E632A25C87}.Release|Any CPU.ActiveCfg = Release|Any CPU
		{9F02A913-5FF0-69E1-F011-83E632A25C87}.Release|Any CPU.Build.0 = Release|Any CPU
		{FC0521D5-08F9-2D2B-295A-42F46F3B6545}.Debug|Any CPU.ActiveCfg = Debug|Any CPU
		{FC0521D5-08F9-2D2B-295A-42F46F3B6545}.Debug|Any CPU.Build.0 = Debug|Any CPU
		{FC0521D5-08F9-2D2B-295A-42F46F3B6545}.Release|Any CPU.ActiveCfg = Release|Any CPU
		{FC0521D5-08F9-2D2B-295A-42F46F3B6545}.Release|Any CPU.Build.0 = Release|Any CPU
	EndGlobalSection
	GlobalSection(SolutionProperties) = preSolution
		HideSolutionNode = FALSE
	EndGlobalSection
EndGlobal
